
Microsoft Visual Studio Solution File, Format Version 12.00
# Visual Studio 15
Project("{FAE04EC0-301F-11D3-BF4B-00C04F79EFBC}") = "DotNetCore3RazorPage", "DotNetCore3RazorPage\DotNetCore3RazorPage.csproj", "{EBDB2FD0-B5CF-43C4-9F74-56F6A337BBD9}"
EndProject
Project("{FAE04EC0-301F-11D3-BF4B-00C04F79EFBC}") = "RazorClass", "RazorClass\RazorClass.csproj", "{3D752DB7-95B9-42BD-8F27-7E0688C61B10}"
EndProject
Project("{FAE04EC0-301F-11D3-BF4B-00C04F79EFBC}") = "RazorService", "RazorService\RazorService.csproj", "{07643F02-FFA8-4E3E-8064-7AACBCAA2130}"
EndProject
Global
	GlobalSection(SolutionConfigurationPlatforms) = preSolution
		Debug|Any CPU = Debug|Any CPU
		Release|Any CPU = Release|Any CPU
	EndGlobalSection
	GlobalSection(ProjectConfigurationPlatforms) = postSolution
		{EBDB2FD0-B5CF-43C4-9F74-56F6A337BBD9}.Debug|Any CPU.ActiveCfg = Debug|Any CPU
		{EBDB2FD0-B5CF-43C4-9F74-56F6A337BBD9}.Debug|Any CPU.Build.0 = Debug|Any CPU
		{EBDB2FD0-B5CF-43C4-9F74-56F6A337BBD9}.Release|Any CPU.ActiveCfg = Release|Any CPU
		{EBDB2FD0-B5CF-43C4-9F74-56F6A337BBD9}.Release|Any CPU.Build.0 = Release|Any CPU
		{3D752DB7-95B9-42BD-8F27-7E0688C61B10}.Debug|Any CPU.ActiveCfg = Debug|Any CPU
		{3D752DB7-95B9-42BD-8F27-7E0688C61B10}.Debug|Any CPU.Build.0 = Debug|Any CPU
		{3D752DB7-95B9-42BD-8F27-7E0688C61B10}.Release|Any CPU.ActiveCfg = Release|Any CPU
		{3D752DB7-95B9-42BD-8F27-7E0688C61B10}.Release|Any CPU.Build.0 = Release|Any CPU
		{07643F02-FFA8-4E3E-8064-7AACBCAA2130}.Debug|Any CPU.ActiveCfg = Debug|Any CPU
		{07643F02-FFA8-4E3E-8064-7AACBCAA2130}.Debug|Any CPU.Build.0 = Debug|Any CPU
		{07643F02-FFA8-4E3E-8064-7AACBCAA2130}.Release|Any CPU.ActiveCfg = Release|Any CPU
		{07643F02-FFA8-4E3E-8064-7AACBCAA2130}.Release|Any CPU.Build.0 = Release|Any CPU
	EndGlobalSection
EndGlobal
